{
  "version": "3",
  "remote": {
    "https://deno.land/std@0.213.0/assert/_constants.ts": "a271e8ef5a573f1df8e822a6eb9d09df064ad66a4390f21b3e31f820a38e0975",
    "https://deno.land/std@0.213.0/assert/_diff.ts": "dcc63d94ca289aec80644030cf88ccbf7acaa6fbd7b0f22add93616b36593840",
    "https://deno.land/std@0.213.0/assert/_format.ts": "0ba808961bf678437fb486b56405b6fefad2cf87b5809667c781ddee8c32aff4",
    "https://deno.land/std@0.213.0/assert/assert.ts": "bec068b2fccdd434c138a555b19a2c2393b71dfaada02b7d568a01541e67cdc5",
    "https://deno.land/std@0.213.0/assert/assert_almost_equals.ts": "8b96b7385cc117668b0720115eb6ee73d04c9bcb2f5d2344d674918c9113688f",
    "https://deno.land/std@0.213.0/assert/assert_array_includes.ts": "1688d76317fd45b7e93ef9e2765f112fdf2b7c9821016cdfb380b9445374aed1",
    "https://deno.land/std@0.213.0/assert/assert_equals.ts": "4497c56fe7d2993b0d447926702802fc0becb44e319079e8eca39b482ee01b4e",
    "https://deno.land/std@0.213.0/assert/assert_exists.ts": "24a7bf965e634f909242cd09fbaf38bde6b791128ece08e33ab08586a7cc55c9",
    "https://deno.land/std@0.213.0/assert/assert_false.ts": "6f382568e5128c0f855e5f7dbda8624c1ed9af4fcc33ef4a9afeeedcdce99769",
    "https://deno.land/std@0.213.0/assert/assert_greater.ts": "4945cf5729f1a38874d7e589e0fe5cc5cd5abe5573ca2ddca9d3791aa891856c",
    "https://deno.land/std@0.213.0/assert/assert_greater_or_equal.ts": "573ed8823283b8d94b7443eb69a849a3c369a8eb9666b2d1db50c33763a5d219",
    "https://deno.land/std@0.213.0/assert/assert_instance_of.ts": "72dc1faff1e248692d873c89382fa1579dd7b53b56d52f37f9874a75b11ba444",
    "https://deno.land/std@0.213.0/assert/assert_is_error.ts": "6596f2b5ba89ba2fe9b074f75e9318cda97a2381e59d476812e30077fbdb6ed2",
    "https://deno.land/std@0.213.0/assert/assert_less.ts": "2b4b3fe7910f65f7be52212f19c3977ecb8ba5b2d6d0a296c83cde42920bb005",
    "https://deno.land/std@0.213.0/assert/assert_less_or_equal.ts": "b93d212fe669fbde959e35b3437ac9a4468f2e6b77377e7b6ea2cfdd825d38a0",
    "https://deno.land/std@0.213.0/assert/assert_match.ts": "ec2d9680ed3e7b9746ec57ec923a17eef6d476202f339ad91d22277d7f1d16e1",
    "https://deno.land/std@0.213.0/assert/assert_not_equals.ts": "f3edda73043bc2c9fae6cbfaa957d5c69bbe76f5291a5b0466ed132c8789df4c",
    "https://deno.land/std@0.213.0/assert/assert_not_instance_of.ts": "8f720d92d83775c40b2542a8d76c60c2d4aeddaf8713c8d11df8984af2604931",
    "https://deno.land/std@0.213.0/assert/assert_not_match.ts": "b4b7c77f146963e2b673c1ce4846473703409eb93f5ab0eb60f6e6f8aeffe39f",
    "https://deno.land/std@0.213.0/assert/assert_not_strict_equals.ts": "da0b8ab60a45d5a9371088378e5313f624799470c3b54c76e8b8abeec40a77be",
    "https://deno.land/std@0.213.0/assert/assert_object_match.ts": "e85e5eef62a56ce364c3afdd27978ccab979288a3e772e6855c270a7b118fa49",
    "https://deno.land/std@0.213.0/assert/assert_rejects.ts": "e9e0c8d9c3e164c7ac962c37b3be50577c5a2010db107ed272c4c1afb1269f54",
    "https://deno.land/std@0.213.0/assert/assert_strict_equals.ts": "0425a98f70badccb151644c902384c12771a93e65f8ff610244b8147b03a2366",
    "https://deno.land/std@0.213.0/assert/assert_string_includes.ts": "dfb072a890167146f8e5bdd6fde887ce4657098e9f71f12716ef37f35fb6f4a7",
    "https://deno.land/std@0.213.0/assert/assert_throws.ts": "edddd86b39606c342164b49ad88dd39a26e72a26655e07545d172f164b617fa7",
    "https://deno.land/std@0.213.0/assert/assertion_error.ts": "9f689a101ee586c4ce92f52fa7ddd362e86434ffdf1f848e45987dc7689976b8",
    "https://deno.land/std@0.213.0/assert/equal.ts": "fae5e8a52a11d3ac694bbe1a53e13a7969e3f60791262312e91a3e741ae519e2",
    "https://deno.land/std@0.213.0/assert/fail.ts": "f310e51992bac8e54f5fd8e44d098638434b2edb802383690e0d7a9be1979f1c",
    "https://deno.land/std@0.213.0/assert/mod.ts": "325df8c0683ad83a873b9691aa66b812d6275fc9fec0b2d180ac68a2c5efed3b",
    "https://deno.land/std@0.213.0/assert/unimplemented.ts": "47ca67d1c6dc53abd0bd729b71a31e0825fc452dbcd4fde4ca06789d5644e7fd",
    "https://deno.land/std@0.213.0/assert/unreachable.ts": "38cfecb95d8b06906022d2f9474794fca4161a994f83354fd079cac9032b5145",
    "https://deno.land/std@0.213.0/fmt/colors.ts": "aeaee795471b56fc62a3cb2e174ed33e91551b535f44677f6320336aabb54fbb",
    "https://deno.land/std@0.213.0/testing/_test_suite.ts": "f10a8a6338b60c403f07a76f3f46bdc9f1e1a820c0a1decddeb2949f7a8a0546",
    "https://deno.land/std@0.213.0/testing/bdd.ts": "3cbd17bd35f629a76ce63446238dfb4632240dd46b3b205027c45fa3dd67e554",
    "https://deno.land/std@0.213.0/testing/mock.ts": "4c35c9bc7d63cabceadf8fa1d0771104d754352c54054e11e068f9af08821234",
    "https://denopkg.com/kz-io/common-exceptions@dev/deps.ts": "66e242bef0b19b4c99401806c8e922240c513db5cd2811276796926293274b34",
    "https://denopkg.com/kz-io/common-exceptions@dev/mod.ts": "a3a8a77b8c2970518dfd4b407e9c53a647e3626ea84d9d36e088dff5cd1e29b2",
    "https://denopkg.com/kz-io/common-exceptions@dev/src/_internals/constants.ts": "b44f839f830e24d10ff82db9676730a79bf3ad7c1ee32960eaff96ab98093b23",
    "https://denopkg.com/kz-io/common-exceptions@dev/src/_internals/defined_args.ts": "c7f1294d92ba24e4ceaecb74f47c3d5413e5e097b3278dff77f928c8d419105a",
    "https://denopkg.com/kz-io/common-exceptions@dev/src/exceptions/argument_exception.ts": "665bfd78f257fe02c35d99015a6394790df35490235c2902b528dc1fc18f841f",
    "https://denopkg.com/kz-io/common-exceptions@dev/src/exceptions/argument_index_exception.ts": "c3a76ecc01617bdb98e69c4c05fd3fec3b2e0591c0e2556b39977b25bab9b55e",
    "https://denopkg.com/kz-io/common-exceptions@dev/src/exceptions/assertion_exception.ts": "30ff3a858048a13657adc2a75c4cea56bf8bb7f591d47af4aa8667f2292e5271",
    "https://denopkg.com/kz-io/common-exceptions@dev/src/exceptions/connection_exception.ts": "652ab40966e954e46da04e1d799e37134a0858dc1b8431692203665365b5155c",
    "https://denopkg.com/kz-io/common-exceptions@dev/src/exceptions/decorator_exception.ts": "f58006551178cc86e730fdacdefcdb5880417396fef8666e501e599469a13066",
    "https://denopkg.com/kz-io/common-exceptions@dev/src/exceptions/disk_exception.ts": "8241b6586772e23843d178c946c485d86b91781f0e55e7ca27c6c64a14e121e4",
    "https://denopkg.com/kz-io/common-exceptions@dev/src/exceptions/exception.ts": "19c334bd1a7dc535f6f97273e51d3228a970c7e0dba4b90cd0cc93e27ecb392e",
    "https://denopkg.com/kz-io/common-exceptions@dev/src/exceptions/external_exception.ts": "d8207e2e46d44f12c985d4b0b9329546f3bc17e09ee5825b80468a4cfd2e30c0",
    "https://denopkg.com/kz-io/common-exceptions@dev/src/exceptions/format_exception.ts": "53be019d0d1f0487c2c8454483bd19e8f8496dec78156fca2628503f3634ebc2",
    "https://denopkg.com/kz-io/common-exceptions@dev/src/exceptions/index_exception.ts": "b13938342f9e2f0727b195319ef9dbbaf2cb23c241ece1bef60d776bf8448c2c",
    "https://denopkg.com/kz-io/common-exceptions@dev/src/exceptions/interrupt_exception.ts": "498bb2a2b8d3b67e0e083ac37097523700a2a42ffb62bf61cb32044e9a258172",
    "https://denopkg.com/kz-io/common-exceptions@dev/src/exceptions/invalid_exception.ts": "4ffb85d8c8ddfeaff2bf3f461cf3a1383270d6ae86500f6209018aab96a4ea8d",
    "https://denopkg.com/kz-io/common-exceptions@dev/src/exceptions/iteration_exception.ts": "d99b6d46e5a624ae9a861db242fcf019f1cdd795d81c1ec01c2c4d6de2a81a28",
    "https://denopkg.com/kz-io/common-exceptions@dev/src/exceptions/key_exception.ts": "ba22d62bd5ddb8d04069fb5acc9638c8fc4924b456b92680c0077ade34bdbc55",
    "https://denopkg.com/kz-io/common-exceptions@dev/src/exceptions/memory_exception.ts": "2a2c485fa77316a5b94bf05fa383c48d4f5fbc9f4f3e59e3c2f4f3f8bfed80ed",
    "https://denopkg.com/kz-io/common-exceptions@dev/src/exceptions/method_exception.ts": "453af300a21923bf0ab1dca26250e486eb01946db2f24a73bdc4d448fc1fadbe",
    "https://denopkg.com/kz-io/common-exceptions@dev/src/exceptions/mod.ts": "4589b40dc3ea4f43440b3ccf7e4ac79c8b2e2dcffb4b7fbcb9b76ac65b98b9cc",
    "https://denopkg.com/kz-io/common-exceptions@dev/src/exceptions/not_found_exception.ts": "8d7ca6e7fa2e33f31bff611eedcda7b615583a7487bf1b6c22a54bab82407351",
    "https://denopkg.com/kz-io/common-exceptions@dev/src/exceptions/not_implemented_exception.ts": "cd88c1d5d2571eff8ba17aa48a4aca13409009c5e40d38e87e9e9c573a935bb4",
    "https://denopkg.com/kz-io/common-exceptions@dev/src/exceptions/not_supported_exception.ts": "e2259480e180f095e87ef02ad2698fb46efd194804bc84e4a9ad4c87d70b04fd",
    "https://denopkg.com/kz-io/common-exceptions@dev/src/exceptions/operation_exception.ts": "5ac9d77882884f5eee07eaf12b3e95e6def48b6930990026918b6934e96b8f63",
    "https://denopkg.com/kz-io/common-exceptions@dev/src/exceptions/os_exception.ts": "ca4575182092bcc79761768a6d56800c04ee15c3e013e26aea51107d482586a3",
    "https://denopkg.com/kz-io/common-exceptions@dev/src/exceptions/process_exception.ts": "45150b0b910b92fdfd40f8f026413a8c9170dc6d836e1d9656e2359869df186a",
    "https://denopkg.com/kz-io/common-exceptions@dev/src/exceptions/range_exception.ts": "e92f25da15404576e7187be8620d05004bb6629e3efd30af80f0dc435e8dd7b6",
    "https://denopkg.com/kz-io/common-exceptions@dev/src/exceptions/recursion_exception.ts": "e852f0f9a82945c70f2d36543ddc60ab90df2876d2093fac8d9e23bc9848c293",
    "https://denopkg.com/kz-io/common-exceptions@dev/src/exceptions/timeout_exception.ts": "7ccfec3eaa246a7f1feaf900c912d9cf30ee0e2e37dd1338cb5c5b0874b1737b",
    "https://denopkg.com/kz-io/common-exceptions@dev/src/exceptions/value_exception.ts": "4ed7574a3f512780e933103c5d033ac7f4ae6c50a2ac79b527a0e456148d7fe3",
    "https://denopkg.com/kz-io/common-exceptions@dev/src/mod.ts": "c4f2ce359884a28f2b3a885ea0d451ee7c001b6065204c1067100eea429cb56e",
    "https://denopkg.com/kz-io/common-exceptions@dev/src/types/enums/mod.ts": "61a74235fbe782660ef54c37a1e4bb153dc216b9b0ff114078429f149b5ad207",
    "https://denopkg.com/kz-io/common-exceptions@dev/src/types/interfaces.ts": "acc7244fa81d4e1e1136677f3ebfce3d3e4605a4e3356c2ee957152b722554ef",
    "https://denopkg.com/kz-io/common-exceptions@dev/src/types/mod.ts": "75bcb41d81b4b9c75f9961e37b220137a8946f46ba609cc1692b33ca1f0da713",
    "https://denopkg.com/kz-io/common-exceptions@dev/src/types/types.ts": "be308659e7a1b9f4fafd18fb9f7361beade521380ba8cc731c5f0fda09229441",
    "https://denopkg.com/kz-io/common-types@dev/mod.ts": "a3a8a77b8c2970518dfd4b407e9c53a647e3626ea84d9d36e088dff5cd1e29b2",
    "https://denopkg.com/kz-io/common-types@dev/src/exceptions/mod.ts": "2e89baa63dd20c07eb4c9d4ebe2457e0604766314d34359a0f8894d29782d278",
    "https://denopkg.com/kz-io/common-types@dev/src/mod.ts": "c4f2ce359884a28f2b3a885ea0d451ee7c001b6065204c1067100eea429cb56e",
    "https://denopkg.com/kz-io/common-types@dev/src/types/enums/mod.ts": "61a74235fbe782660ef54c37a1e4bb153dc216b9b0ff114078429f149b5ad207",
    "https://denopkg.com/kz-io/common-types@dev/src/types/interfaces.ts": "68d9c1d5b5222dde97e49971c7293d564588f2e2d9c9e0edaad7c2edaf393a75",
    "https://denopkg.com/kz-io/common-types@dev/src/types/mod.ts": "7e8ab16f6ecf4038bd5fb1db4fb11573fb1c8073e4eaf0ddaf11f24586250c8e",
    "https://denopkg.com/kz-io/common-types@dev/src/types/types.ts": "ddfb1b0825e74220751fbaeef38704f38a236ebcad8a36c8ca59b7db37cc102e"
  }
}
